PODS:
  - Flutter (1.0.0)
  - flutter_admob_kit (4.0.0):
    - Flutter
    - google_mobile_ads
  - Google-Mobile-Ads-SDK (13.11.0):
    - GoogleUserMessagingPlatform (>= 1.1)
  - google_mobile_ads (9.1.0):
    - Flutter
    - Google-Mobile-Ads-SDK (~> 13.7)
    - webview_flutter_wkwebview
  - GoogleUserMessagingPlatform (3.1.0)
  - webview_flutter_wkwebview (0.0.1):
    - Flutter
    - FlutterMacOS

DEPENDENCIES:
  - Flutter (from `Flutter`)
  - flutter_admob_kit (from `.symlinks/plugins/flutter_admob_kit/ios`)
  - google_mobile_ads (from `.symlinks/plugins/google_mobile_ads/ios`)
  - webview_flutter_wkwebview (from `.symlinks/plugins/webview_flutter_wkwebview/darwin`)

SPEC REPOS:
  trunk:
    - Google-Mobile-Ads-SDK
    - GoogleUserMessagingPlatform

EXTERNAL SOURCES:
  Flutter:
    :path: Flutter
  flutter_admob_kit:
    :path: ".symlinks/plugins/flutter_admob_kit/ios"
  google_mobile_ads:
    :path: ".symlinks/plugins/google_mobile_ads/ios"
  webview_flutter_wkwebview:
    :path: ".symlinks/plugins/webview_flutter_wkwebview/darwin"

SPEC CHECKSUMS:
  Flutter: cabc95a1d2626b1b06e7179b784ebcf0c0cde467
  flutter_admob_kit: b65fbc1d14239afb8db5afb5cef9dbd57d81e5d9
  Google-Mobile-Ads-SDK: 09d0868abe43b9f851b7b340a245679f0eafc96c
  google_mobile_ads: 6b1c16497394528f4a59e76e2fc947cb32b101e2
  GoogleUserMessagingPlatform: befe603da6501006420c206222acd449bba45a9c
  webview_flutter_wkwebview: 8ebf4fded22593026f7dbff1fbff31ea98573c8d

PODFILE CHECKSUM: 1de775b8a90fc0a895cd5086732f567a49177434

COCOAPODS: 1.16.2
